
Microsoft Visual Studio Solution File, Format Version 12.00
# Visual Studio Version 16
VisualStudioVersion = 16.0.30204.135
MinimumVisualStudioVersion = 10.0.40219.1
Project("{9A19103F-16F7-4668-BE54-9A1E7A4F7556}") = "BankingTests", "BankingTests\BankingTests.csproj", "{B562DFCE-CA50-4B61-8176-C6E43DE0090D}"
EndProject
Project("{9A19103F-16F7-4668-BE54-9A1E7A4F7556}") = "BankingDomain", "BankingDomain\BankingDomain.csproj", "{664EDFD4-8518-4062-AF5D-A6A0E36D2BCF}"
EndProject
Project("{FAE04EC0-301F-11D3-BF4B-00C04F79EFBC}") = "BankKiosk", "BankKiosk\BankKiosk.csproj", "{6405CC29-6776-445B-B987-C9B10ADD7300}"
EndProject
Global
	GlobalSection(SolutionConfigurationPlatforms) = preSolution
		Debug|Any CPU = Debug|Any CPU
		Release|Any CPU = Release|Any CPU
	EndGlobalSection
	GlobalSection(ProjectConfigurationPlatforms) = postSolution
		{B562DFCE-CA50-4B61-8176-C6E43DE0090D}.Debug|Any CPU.ActiveCfg = Debug|Any CPU
		{B562DFCE-CA50-4B61-8176-C6E43DE0090D}.Debug|Any CPU.Build.0 = Debug|Any CPU
		{B562DFCE-CA50-4B61-8176-C6E43DE0090D}.Release|Any CPU.ActiveCfg = Release|Any CPU
		{B562DFCE-CA50-4B61-8176-C6E43DE0090D}.Release|Any CPU.Build.0 = Release|Any CPU
		{664EDFD4-8518-4062-AF5D-A6A0E36D2BCF}.Debug|Any CPU.ActiveCfg = Debug|Any CPU
		{664EDFD4-8518-4062-AF5D-A6A0E36D2BCF}.Debug|Any CPU.Build.0 = Debug|Any CPU
		{664EDFD4-8518-4062-AF5D-A6A0E36D2BCF}.Release|Any CPU.ActiveCfg = Release|Any CPU
		{664EDFD4-8518-4062-AF5D-A6A0E36D2BCF}.Release|Any CPU.Build.0 = Release|Any CPU
		{6405CC29-6776-445B-B987-C9B10ADD7300}.Debug|Any CPU.ActiveCfg = Debug|Any CPU
		{6405CC29-6776-445B-B987-C9B10ADD7300}.Debug|Any CPU.Build.0 = Debug|Any CPU
		{6405CC29-6776-445B-B987-C9B10ADD7300}.Release|Any CPU.ActiveCfg = Release|Any CPU
		{6405CC29-6776-445B-B987-C9B10ADD7300}.Release|Any CPU.Build.0 = Release|Any CPU
	EndGlobalSection
	GlobalSection(SolutionProperties) = preSolution
		HideSolutionNode = FALSE
	EndGlobalSection
	GlobalSection(ExtensibilityGlobals) = postSolution
		SolutionGuid = {E1201074-1BD0-42D6-B340-569C9536550C}
	EndGlobalSection
EndGlobal
